// !$*UTF8*$!
{
	archiveVersion = 1;
	classes = {
	};
	objectVersion = 56;
	objects = {

/* Begin PBXBuildFile section */
		5E31E833290712B4009A735B /* AppDelegate.swift in Sources */ = {isa = PBXBuildFile; fileRef = 5E31E832290712B4009A735B /* AppDelegate.swift */; };
		5E31E835290712B4009A735B /* SceneDelegate.swift in Sources */ = {isa = PBXBuildFile; fileRef = 5E31E834290712B4009A735B /* SceneDelegate.swift */; };
		5E31E837290712B4009A735B /* ViewController.swift in Sources */ = {isa = PBXBuildFile; fileRef = 5E31E836290712B4009A735B /* ViewController.swift */; };
		5E31E83A290712B4009A735B /* Main.storyboard in Resources */ = {isa = PBXBuildFile; fileRef = 5E31E838290712B4009A735B /* Main.storyboard */; };
		5E31E83C290712B4009A735B /* Assets.xcassets in Resources */ = {isa = PBXBuildFile; fileRef = 5E31E83B290712B4009A735B /* Assets.xcassets */; };
		5E31E83F290712B4009A735B /* LaunchScreen.storyboard in Resources */ = {isa = PBXBuildFile; fileRef = 5E31E83D290712B4009A735B /* LaunchScreen.storyboard */; };
		5E31E8472907134F009A735B /* DCTouristSite.swift in Sources */ = {isa = PBXBuildFile; fileRef = 5E31E8462907134F009A735B /* DCTouristSite.swift */; };
		5E3E2743290F3DB300B63945 /* usa.png in Resources */ = {isa = PBXBuildFile; fileRef = 5E3E2736290F3DB300B63945 /* usa.png */; };
		5E3E2744290F3DB300B63945 /* nationalarchives.png in Resources */ = {isa = PBXBuildFile; fileRef = 5E3E2737290F3DB300B63945 /* nationalarchives.png */; };
		5E3E2745290F3DB300B63945 /* jeffersonmemorial.png in Resources */ = {isa = PBXBuildFile; fileRef = 5E3E2738290F3DB300B63945 /* jeffersonmemorial.png */; };
		5E3E2746290F3DB300B63945 /* nationalaquarium.png in Resources */ = {isa = PBXBuildFile; fileRef = 5E3E2739290F3DB300B63945 /* nationalaquarium.png */; };
		5E3E2747290F3DB300B63945 /* worldwar2memorial.png in Resources */ = {isa = PBXBuildFile; fileRef = 5E3E273A290F3DB300B63945 /* worldwar2memorial.png */; };
		5E3E274A290F3DB300B63945 /* whitehouse.png in Resources */ = {isa = PBXBuildFile; fileRef = 5E3E273D290F3DB300B63945 /* whitehouse.png */; };
		5E3E274B290F3DB300B63945 /* nationalcathedral.png in Resources */ = {isa = PBXBuildFile; fileRef = 5E3E273E290F3DB300B63945 /* nationalcathedral.png */; };
		5E3E274C290F3DB300B63945 /* lincolnmemorial.png in Resources */ = {isa = PBXBuildFile; fileRef = 5E3E273F290F3DB300B63945 /* lincolnmemorial.png */; };
		5E3E274D290F3DB300B63945 /* washingtonmonument.png in Resources */ = {isa = PBXBuildFile; fileRef = 5E3E2740290F3DB300B63945 /* washingtonmonument.png */; };
		5E3E274E290F3DB300B63945 /* libraryofcongress.png in Resources */ = {isa = PBXBuildFile; fileRef = 5E3E2741290F3DB300B63945 /* libraryofcongress.png */; };
		5E3E274F290F3DB300B63945 /* unitedstatescapitol.png in Resources */ = {isa = PBXBuildFile; fileRef = 5E3E2742290F3DB300B63945 /* unitedstatescapitol.png */; };
		5E3E2751290F3F0B00B63945 /* background.png in Resources */ = {isa = PBXBuildFile; fileRef = 5E3E2750290F3F0A00B63945 /* background.png */; };
		5E3E2753290F3F4B00B63945 /* africanamericanmuseum.png in Resources */ = {isa = PBXBuildFile; fileRef = 5E3E2752290F3F4B00B63945 /* africanamericanmuseum.png */; };
		5E3E2756290F40B000B63945 /* playAudio.png in Resources */ = {isa = PBXBuildFile; fileRef = 5E3E2754290F40B000B63945 /* playAudio.png */; };
		5E3E2757290F40B000B63945 /* pauseAudio.png in Resources */ = {isa = PBXBuildFile; fileRef = 5E3E2755290F40B000B63945 /* pauseAudio.png */; };
		5E3E2759290F426D00B63945 /* dc.png in Resources */ = {isa = PBXBuildFile; fileRef = 5E3E2758290F426D00B63945 /* dc.png */; };
		5E8C6039290E055A00159AD9 /* user_guide.mp3 in Resources */ = {isa = PBXBuildFile; fileRef = 5E8C6038290E055A00159AD9 /* user_guide.mp3 */; };
/* End PBXBuildFile section */

/* Begin PBXFileReference section */
		5E31E82F290712B4009A735B /* DCTouristSite-AE.app */ = {isa = PBXFileReference; explicitFileType = wrapper.application; includeInIndex = 0; path = "DCTouristSite-AE.app"; sourceTree = BUILT_PRODUCTS_DIR; };
		5E31E832290712B4009A735B /* AppDelegate.swift */ = {isa = PBXFileReference; lastKnownFileType = sourcecode.swift; path = AppDelegate.swift; sourceTree = "<group>"; };
		5E31E834290712B4009A735B /* SceneDelegate.swift */ = {isa = PBXFileReference; lastKnownFileType = sourcecode.swift; path = SceneDelegate.swift; sourceTree = "<group>"; };
		5E31E836290712B4009A735B /* ViewController.swift */ = {isa = PBXFileReference; lastKnownFileType = sourcecode.swift; path = ViewController.swift; sourceTree = "<group>"; };
		5E31E839290712B4009A735B /* Base */ = {isa = PBXFileReference; lastKnownFileType = file.storyboard; name = Base; path = Base.lproj/Main.storyboard; sourceTree = "<group>"; };
		5E31E83B290712B4009A735B /* Assets.xcassets */ = {isa = PBXFileReference; lastKnownFileType = folder.assetcatalog; path = Assets.xcassets; sourceTree = "<group>"; };
		5E31E83E290712B4009A735B /* Base */ = {isa = PBXFileReference; lastKnownFileType = file.storyboard; name = Base; path = Base.lproj/LaunchScreen.storyboard; sourceTree = "<group>"; };
		5E31E840290712B4009A735B /* Info.plist */ = {isa = PBXFileReference; lastKnownFileType = text.plist.xml; path = Info.plist; sourceTree = "<group>"; };
		5E31E8462907134F009A735B /* DCTouristSite.swift */ = {isa = PBXFileReference; lastKnownFileType = sourcecode.swift; path = DCTouristSite.swift; sourceTree = "<group>"; };
		5E3E2736290F3DB300B63945 /* usa.png */ = {isa = PBXFileReference; lastKnownFileType = image.png; path = usa.png; sourceTree = "<group>"; };
		5E3E2737290F3DB300B63945 /* nationalarchives.png */ = {isa = PBXFileReference; lastKnownFileType = image.png; path = nationalarchives.png; sourceTree = "<group>"; };
		5E3E2738290F3DB300B63945 /* jeffersonmemorial.png */ = {isa = PBXFileReference; lastKnownFileType = image.png; path = jeffersonmemorial.png; sourceTree = "<group>"; };
		5E3E2739290F3DB300B63945 /* nationalaquarium.png */ = {isa = PBXFileReference; lastKnownFileType = image.png; path = nationalaquarium.png; sourceTree = "<group>"; };
		5E3E273A290F3DB300B63945 /* worldwar2memorial.png */ = {isa = PBXFileReference; lastKnownFileType = image.png; path = worldwar2memorial.png; sourceTree = "<group>"; };
		5E3E273D290F3DB300B63945 /* whitehouse.png */ = {isa = PBXFileReference; lastKnownFileType = image.png; path = whitehouse.png; sourceTree = "<group>"; };
		5E3E273E290F3DB300B63945 /* nationalcathedral.png */ = {isa = PBXFileReference; lastKnownFileType = image.png; path = nationalcathedral.png; sourceTree = "<group>"; };
		5E3E273F290F3DB300B63945 /* lincolnmemorial.png */ = {isa = PBXFileReference; lastKnownFileType = image.png; path = lincolnmemorial.png; sourceTree = "<group>"; };
		5E3E2740290F3DB300B63945 /* washingtonmonument.png */ = {isa = PBXFileReference; lastKnownFileType = image.png; path = washingtonmonument.png; sourceTree = "<group>"; };
		5E3E2741290F3DB300B63945 /* libraryofcongress.png */ = {isa = PBXFileReference; lastKnownFileType = image.png; path = libraryofcongress.png; sourceTree = "<group>"; };
		5E3E2742290F3DB300B63945 /* unitedstatescapitol.png */ = {isa = PBXFileReference; lastKnownFileType = image.png; path = unitedstatescapitol.png; sourceTree = "<group>"; };
		5E3E2750290F3F0A00B63945 /* background.png */ = {isa = PBXFileReference; lastKnownFileType = image.png; path = background.png; sourceTree = "<group>"; };
		5E3E2752290F3F4B00B63945 /* africanamericanmuseum.png */ = {isa = PBXFileReference; lastKnownFileType = image.png; path = africanamericanmuseum.png; sourceTree = "<group>"; };
		5E3E2754290F40B000B63945 /* playAudio.png */ = {isa = PBXFileReference; lastKnownFileType = image.png; path = playAudio.png; sourceTree = "<group>"; };
		5E3E2755290F40B000B63945 /* pauseAudio.png */ = {isa = PBXFileReference; lastKnownFileType = image.png; path = pauseAudio.png; sourceTree = "<group>"; };
		5E3E2758290F426D00B63945 /* dc.png */ = {isa = PBXFileReference; lastKnownFileType = image.png; path = dc.png; sourceTree = "<group>"; };
		5E8C6038290E055A00159AD9 /* user_guide.mp3 */ = {isa = PBXFileReference; lastKnownFileType = audio.mp3; path = user_guide.mp3; sourceTree = "<group>"; };
/* End PBXFileReference section */

/* Begin PBXFrameworksBuildPhase section */
		5E31E82C290712B4009A735B /* Frameworks */ = {
			isa = PBXFrameworksBuildPhase;
			buildActionMask = 2147483647;
			files = (
			);
			runOnlyForDeploymentPostprocessing = 0;
		};
/* End PBXFrameworksBuildPhase section */

/* Begin PBXGroup section */
		5E31E826290712B4009A735B = {
			isa = PBXGroup;
			children = (
				5E31E831290712B4009A735B /* DCTouristSite-AE */,
				5E31E830290712B4009A735B /* Products */,
			);
			sourceTree = "<group>";
		};
		5E31E830290712B4009A735B /* Products */ = {
			isa = PBXGroup;
			children = (
				5E31E82F290712B4009A735B /* DCTouristSite-AE.app */,
			);
			name = Products;
			sourceTree = "<group>";
		};
		5E31E831290712B4009A735B /* DCTouristSite-AE */ = {
			isa = PBXGroup;
			children = (
				5E3E2758290F426D00B63945 /* dc.png */,
				5E3E2755290F40B000B63945 /* pauseAudio.png */,
				5E3E2754290F40B000B63945 /* playAudio.png */,
				5E3E2752290F3F4B00B63945 /* africanamericanmuseum.png */,
				5E3E2750290F3F0A00B63945 /* background.png */,
				5E3E2738290F3DB300B63945 /* jeffersonmemorial.png */,
				5E3E2741290F3DB300B63945 /* libraryofcongress.png */,
				5E3E273F290F3DB300B63945 /* lincolnmemorial.png */,
				5E3E2739290F3DB300B63945 /* nationalaquarium.png */,
				5E3E2737290F3DB300B63945 /* nationalarchives.png */,
				5E3E273E290F3DB300B63945 /* nationalcathedral.png */,
				5E3E2742290F3DB300B63945 /* unitedstatescapitol.png */,
				5E3E2736290F3DB300B63945 /* usa.png */,
				5E3E2740290F3DB300B63945 /* washingtonmonument.png */,
				5E3E273D290F3DB300B63945 /* whitehouse.png */,
				5E3E273A290F3DB300B63945 /* worldwar2memorial.png */,
				5E8C6038290E055A00159AD9 /* user_guide.mp3 */,
				5E31E832290712B4009A735B /* AppDelegate.swift */,
				5E31E834290712B4009A735B /* SceneDelegate.swift */,
				5E31E836290712B4009A735B /* ViewController.swift */,
				5E31E838290712B4009A735B /* Main.storyboard */,
				5E31E83B290712B4009A735B /* Assets.xcassets */,
				5E31E83D290712B4009A735B /* LaunchScreen.storyboard */,
				5E31E840290712B4009A735B /* Info.plist */,
				5E31E8462907134F009A735B /* DCTouristSite.swift */,
			);
			path = "DCTouristSite-AE";
			sourceTree = "<group>";
		};
/* End PBXGroup section */

/* Begin PBXNativeTarget section */
		5E31E82E290712B4009A735B /* DCTouristSite-AE */ = {
			isa = PBXNativeTarget;
			buildConfigurationList = 5E31E843290712B4009A735B /* Build configuration list for PBXNativeTarget "DCTouristSite-AE" */;
			buildPhases = (
				5E31E82B290712B4009A735B /* Sources */,
				5E31E82C290712B4009A735B /* Frameworks */,
				5E31E82D290712B4009A735B /* Resources */,
			);
			buildRules = (
			);
			dependencies = (
			);
			name = "DCTouristSite-AE";
			productName = "DCTouristSite-AE";
			productReference = 5E31E82F290712B4009A735B /* DCTouristSite-AE.app */;
			productType = "com.apple.product-type.application";
		};
/* End PBXNativeTarget section */

/* Begin PBXProject section */
		5E31E827290712B4009A735B /* Project object */ = {
			isa = PBXProject;
			attributes = {
				BuildIndependentTargetsInParallel = 1;
				LastSwiftUpdateCheck = 1400;
				LastUpgradeCheck = 1400;
				TargetAttributes = {
					5E31E82E290712B4009A735B = {
						CreatedOnToolsVersion = 14.0.1;
					};
				};
			};
			buildConfigurationList = 5E31E82A290712B4009A735B /* Build configuration list for PBXProject "DCTouristSite-AE" */;
			compatibilityVersion = "Xcode 14.0";
			developmentRegion = en;
			hasScannedForEncodings = 0;
			knownRegions = (
				en,
				Base,
			);
			mainGroup = 5E31E826290712B4009A735B;
			productRefGroup = 5E31E830290712B4009A735B /* Products */;
			projectDirPath = "";
			projectRoot = "";
			targets = (
				5E31E82E290712B4009A735B /* DCTouristSite-AE */,
			);
		};
/* End PBXProject section */

/* Begin PBXResourcesBuildPhase section */
		5E31E82D290712B4009A735B /* Resources */ = {
			isa = PBXResourcesBuildPhase;
			buildActionMask = 2147483647;
			files = (
				5E3E2759290F426D00B63945 /* dc.png in Resources */,
				5E3E274F290F3DB300B63945 /* unitedstatescapitol.png in Resources */,
				5E3E274D290F3DB300B63945 /* washingtonmonument.png in Resources */,
				5E3E2744290F3DB300B63945 /* nationalarchives.png in Resources */,
				5E8C6039290E055A00159AD9 /* user_guide.mp3 in Resources */,
				5E3E2757290F40B000B63945 /* pauseAudio.png in Resources */,
				5E3E2753290F3F4B00B63945 /* africanamericanmuseum.png in Resources */,
				5E3E274B290F3DB300B63945 /* nationalcathedral.png in Resources */,
				5E3E2746290F3DB300B63945 /* nationalaquarium.png in Resources */,
				5E3E2751290F3F0B00B63945 /* background.png in Resources */,
				5E3E274E290F3DB300B63945 /* libraryofcongress.png in Resources */,
				5E3E2747290F3DB300B63945 /* worldwar2memorial.png in Resources */,
				5E3E2743290F3DB300B63945 /* usa.png in Resources */,
				5E31E83F290712B4009A735B /* LaunchScreen.storyboard in Resources */,
				5E3E274C290F3DB300B63945 /* lincolnmemorial.png in Resources */,
				5E31E83C290712B4009A735B /* Assets.xcassets in Resources */,
				5E31E83A290712B4009A735B /* Main.storyboard in Resources */,
				5E3E274A290F3DB300B63945 /* whitehouse.png in Resources */,
				5E3E2756290F40B000B63945 /* playAudio.png in Resources */,
				5E3E2745290F3DB300B63945 /* jeffersonmemorial.png in Resources */,
			);
			runOnlyForDeploymentPostprocessing = 0;
		};
/* End PBXResourcesBuildPhase section */

/* Begin PBXSourcesBuildPhase section */
		5E31E82B290712B4009A735B /* Sources */ = {
			isa = PBXSourcesBuildPhase;
			buildActionMask = 2147483647;
			files = (
				5E31E8472907134F009A735B /* DCTouristSite.swift in Sources */,
				5E31E837290712B4009A735B /* ViewController.swift in Sources */,
				5E31E833290712B4009A735B /* AppDelegate.swift in Sources */,
				5E31E835290712B4009A735B /* SceneDelegate.swift in Sources */,
			);
			runOnlyForDeploymentPostprocessing = 0;
		};
/* End PBXSourcesBuildPhase section */

/* Begin PBXVariantGroup section */
		5E31E838290712B4009A735B /* Main.storyboard */ = {
			isa = PBXVariantGroup;
			children = (
				5E31E839290712B4009A735B /* Base */,
			);
			name = Main.storyboard;
			sourceTree = "<group>";
		};
		5E31E83D290712B4009A735B /* LaunchScreen.storyboard */ = {
			isa = PBXVariantGroup;
			children = (
				5E31E83E290712B4009A735B /* Base */,
			);
			name = LaunchScreen.storyboard;
			sourceTree = "<group>";
		};
/* End PBXVariantGroup section */

/* Begin XCBuildConfiguration section */
		5E31E841290712B4009A735B /* Debug */ = {
			isa = XCBuildConfiguration;
			buildSettings = {
				ALWAYS_SEARCH_USER_PATHS = NO;
				CLANG_ANALYZER_NONNULL = YES;
				CLANG_ANALYZER_NUMBER_OBJECT_CONVERSION = YES_AGGRESSIVE;
				CLANG_CXX_LANGUAGE_STANDARD = "gnu++20";
				CLANG_ENABLE_MODULES = YES;
				CLANG_ENABLE_OBJC_ARC = YES;
				CLANG_ENABLE_OBJC_WEAK = YES;
				CLANG_WARN_BLOCK_CAPTURE_AUTORELEASING = YES;
				CLANG_WARN_BOOL_CONVERSION = YES;
				CLANG_WARN_COMMA = YES;
				CLANG_WARN_CONSTANT_CONVERSION = YES;
				CLANG_WARN_DEPRECATED_OBJC_IMPLEMENTATIONS = YES;
				CLANG_WARN_DIRECT_OBJC_ISA_USAGE = YES_ERROR;
				CLANG_WARN_DOCUMENTATION_COMMENTS = YES;
				CLANG_WARN_EMPTY_BODY = YES;
				CLANG_WARN_ENUM_CONVERSION = YES;
				CLANG_WARN_INFINITE_RECURSION = YES;
				CLANG_WARN_INT_CONVERSION = YES;
				CLANG_WARN_NON_LITERAL_NULL_CONVERSION = YES;
				CLANG_WARN_OBJC_IMPLICIT_RETAIN_SELF = YES;
				CLANG_WARN_OBJC_LITERAL_CONVERSION = YES;
				CLANG_WARN_OBJC_ROOT_CLASS = YES_ERROR;
				CLANG_WARN_QUOTED_INCLUDE_IN_FRAMEWORK_HEADER = YES;
				CLANG_WARN_RANGE_LOOP_ANALYSIS = YES;
				CLANG_WARN_STRICT_PROTOTYPES = YES;
				CLANG_WARN_SUSPICIOUS_MOVE = YES;
				CLANG_WARN_UNGUARDED_AVAILABILITY = YES_AGGRESSIVE;
				CLANG_WARN_UNREACHABLE_CODE = YES;
				CLANG_WARN__DUPLICATE_METHOD_MATCH = YES;
				COPY_PHASE_STRIP = NO;
				DEBUG_INFORMATION_FORMAT = dwarf;
				ENABLE_STRICT_OBJC_MSGSEND = YES;
				ENABLE_TESTABILITY = YES;
				GCC_C_LANGUAGE_STANDARD = gnu11;
				GCC_DYNAMIC_NO_PIC = NO;
				GCC_NO_COMMON_BLOCKS = YES;
				GCC_OPTIMIZATION_LEVEL = 0;
				GCC_PREPROCESSOR_DEFINITIONS = (
					"DEBUG=1",
					"$(inherited)",
				);
				GCC_WARN_64_TO_32_BIT_CONVERSION = YES;
				GCC_WARN_ABOUT_RETURN_TYPE = YES_ERROR;
				GCC_WARN_UNDECLARED_SELECTOR = YES;
				GCC_WARN_UNINITIALIZED_AUTOS = YES_AGGRESSIVE;
				GCC_WARN_UNUSED_FUNCTION = YES;
				GCC_WARN_UNUSED_VARIABLE = YES;
				IPHONEOS_DEPLOYMENT_TARGET = 16.0;
				MTL_ENABLE_DEBUG_INFO = INCLUDE_SOURCE;
				MTL_FAST_MATH = YES;
				ONLY_ACTIVE_ARCH = YES;
				SDKROOT = iphoneos;
				SWIFT_ACTIVE_COMPILATION_CONDITIONS = DEBUG;
				SWIFT_OPTIMIZATION_LEVEL = "-Onone";
			};
			name = Debug;
		};
		5E31E842290712B4009A735B /* Release */ = {
			isa = XCBuildConfiguration;
			buildSettings = {
				ALWAYS_SEARCH_USER_PATHS = NO;
				CLANG_ANALYZER_NONNULL = YES;
				CLANG_ANALYZER_NUMBER_OBJECT_CONVERSION = YES_AGGRESSIVE;
				CLANG_CXX_LANGUAGE_STANDARD = "gnu++20";
				CLANG_ENABLE_MODULES = YES;
				CLANG_ENABLE_OBJC_ARC = YES;
				CLANG_ENABLE_OBJC_WEAK = YES;
				CLANG_WARN_BLOCK_CAPTURE_AUTORELEASING = YES;
				CLANG_WARN_BOOL_CONVERSION = YES;
				CLANG_WARN_COMMA = YES;
				CLANG_WARN_CONSTANT_CONVERSION = YES;
				CLANG_WARN_DEPRECATED_OBJC_IMPLEMENTATIONS = YES;
				CLANG_WARN_DIRECT_OBJC_ISA_USAGE = YES_ERROR;
				CLANG_WARN_DOCUMENTATION_COMMENTS = YES;
				CLANG_WARN_EMPTY_BODY = YES;
				CLANG_WARN_ENUM_CONVERSION = YES;
				CLANG_WARN_INFINITE_RECURSION = YES;
				CLANG_WARN_INT_CONVERSION = YES;
				CLANG_WARN_NON_LITERAL_NULL_CONVERSION = YES;
				CLANG_WARN_OBJC_IMPLICIT_RETAIN_SELF = YES;
				CLANG_WARN_OBJC_LITERAL_CONVERSION = YES;
				CLANG_WARN_OBJC_ROOT_CLASS = YES_ERROR;
				CLANG_WARN_QUOTED_INCLUDE_IN_FRAMEWORK_HEADER = YES;
				CLANG_WARN_RANGE_LOOP_ANALYSIS = YES;
				CLANG_WARN_STRICT_PROTOTYPES = YES;
				CLANG_WARN_SUSPICIOUS_MOVE = YES;
				CLANG_WARN_UNGUARDED_AVAILABILITY = YES_AGGRESSIVE;
				CLANG_WARN_UNREACHABLE_CODE = YES;
				CLANG_WARN__DUPLICATE_METHOD_MATCH = YES;
				COPY_PHASE_STRIP = NO;
				DEBUG_INFORMATION_FORMAT = "dwarf-with-dsym";
				ENABLE_NS_ASSERTIONS = NO;
				ENABLE_STRICT_OBJC_MSGSEND = YES;
				GCC_C_LANGUAGE_STANDARD = gnu11;
				GCC_NO_COMMON_BLOCKS = YES;
				GCC_WARN_64_TO_32_BIT_CONVERSION = YES;
				GCC_WARN_ABOUT_RETURN_TYPE = YES_ERROR;
				GCC_WARN_UNDECLARED_SELECTOR = YES;
				GCC_WARN_UNINITIALIZED_AUTOS = YES_AGGRESSIVE;
				GCC_WARN_UNUSED_FUNCTION = YES;
				GCC_WARN_UNUSED_VARIABLE = YES;
				IPHONEOS_DEPLOYMENT_TARGET = 16.0;
				MTL_ENABLE_DEBUG_INFO = NO;
				MTL_FAST_MATH = YES;
				SDKROOT = iphoneos;
				SWIFT_COMPILATION_MODE = wholemodule;
				SWIFT_OPTIMIZATION_LEVEL = "-O";
				VALIDATE_PRODUCT = YES;
			};
			name = Release;
		};
		5E31E844290712B4009A735B /* Debug */ = {
			isa = XCBuildConfiguration;
			buildSettings = {
				ASSETCATALOG_COMPILER_APPICON_NAME = AppIcon;
				ASSETCATALOG_COMPILER_GLOBAL_ACCENT_COLOR_NAME = AccentColor;
				CODE_SIGN_STYLE = Automatic;
				CURRENT_PROJECT_VERSION = 1;
				GENERATE_INFOPLIST_FILE = YES;
				INFOPLIST_FILE = "DCTouristSite-AE/Info.plist";
				INFOPLIST_KEY_UIApplicationSupportsIndirectInputEvents = YES;
				INFOPLIST_KEY_UILaunchStoryboardName = LaunchScreen;
				INFOPLIST_KEY_UIMainStoryboardFile = Main;
				INFOPLIST_KEY_UISupportedInterfaceOrientations_iPad = "UIInterfaceOrientationPortrait UIInterfaceOrientationPortraitUpsideDown UIInterfaceOrientationLandscapeLeft UIInterfaceOrientationLandscapeRight";
				INFOPLIST_KEY_UISupportedInterfaceOrientations_iPhone = "UIInterfaceOrientationPortrait UIInterfaceOrientationLandscapeLeft UIInterfaceOrientationLandscapeRight";
				LD_RUNPATH_SEARCH_PATHS = (
					"$(inherited)",
					"@executable_path/Frameworks",
				);
				MARKETING_VERSION = 1.0;
				PRODUCT_BUNDLE_IDENTIFIER = "gmu.edu.DCTouristSite-AE";
				PRODUCT_NAME = "$(TARGET_NAME)";
				SWIFT_EMIT_LOC_STRINGS = YES;
				SWIFT_VERSION = 5.0;
				TARGETED_DEVICE_FAMILY = "1,2";
			};
			name = Debug;
		};
		5E31E845290712B4009A735B /* Release */ = {
			isa = XCBuildConfiguration;
			buildSettings = {
				ASSETCATALOG_COMPILER_APPICON_NAME = AppIcon;
				ASSETCATALOG_COMPILER_GLOBAL_ACCENT_COLOR_NAME = AccentColor;
				CODE_SIGN_STYLE = Automatic;
				CURRENT_PROJECT_VERSION = 1;
				GENERATE_INFOPLIST_FILE = YES;
				INFOPLIST_FILE = "DCTouristSite-AE/Info.plist";
				INFOPLIST_KEY_UIApplicationSupportsIndirectInputEvents = YES;
				INFOPLIST_KEY_UILaunchStoryboardName = LaunchScreen;
				INFOPLIST_KEY_UIMainStoryboardFile = Main;
				INFOPLIST_KEY_UISupportedInterfaceOrientations_iPad = "UIInterfaceOrientationPortrait UIInterfaceOrientationPortraitUpsideDown UIInterfaceOrientationLandscapeLeft UIInterfaceOrientationLandscapeRight";
				INFOPLIST_KEY_UISupportedInterfaceOrientations_iPhone = "UIInterfaceOrientationPortrait UIInterfaceOrientationLandscapeLeft UIInterfaceOrientationLandscapeRight";
				LD_RUNPATH_SEARCH_PATHS = (
					"$(inherited)",
					"@executable_path/Frameworks",
				);
				MARKETING_VERSION = 1.0;
				PRODUCT_BUNDLE_IDENTIFIER = "gmu.edu.DCTouristSite-AE";
				PRODUCT_NAME = "$(TARGET_NAME)";
				SWIFT_EMIT_LOC_STRINGS = YES;
				SWIFT_VERSION = 5.0;
				TARGETED_DEVICE_FAMILY = "1,2";
			};
			name = Release;
		};
/* End XCBuildConfiguration section */

/* Begin XCConfigurationList section */
		5E31E82A290712B4009A735B /* Build configuration list for PBXProject "DCTouristSite-AE" */ = {
			isa = XCConfigurationList;
			buildConfigurations = (
				5E31E841290712B4009A735B /* Debug */,
				5E31E842290712B4009A735B /* Release */,
			);
			defaultConfigurationIsVisible = 0;
			defaultConfigurationName = Release;
		};
		5E31E843290712B4009A735B /* Build configuration list for PBXNativeTarget "DCTouristSite-AE" */ = {
			isa = XCConfigurationList;
			buildConfigurations = (
				5E31E844290712B4009A735B /* Debug */,
				5E31E845290712B4009A735B /* Release */,
			);
			defaultConfigurationIsVisible = 0;
			defaultConfigurationName = Release;
		};
/* End XCConfigurationList section */
	};
	rootObject = 5E31E827290712B4009A735B /* Project object */;
}
